# THIS IS AN AUTOGENERATED FILE. DO NOT EDIT THIS FILE DIRECTLY.
# yarn lockfile v1


"@headlessui/react@^1.7.4":
  version "1.7.4"
  resolved "https://registry.yarnpkg.com/@headlessui/react/-/react-1.7.4.tgz#ba7f50fda20667276ee84fcd4c2a459aa26187e3"
  integrity sha512-D8n5yGCF3WIkPsjEYeM8knn9jQ70bigGGb5aUvN6y4BGxcT3OcOQOKcM3zRGllRCZCFxCZyQvYJF6ZE7bQUOyQ==
  dependencies:
    client-only "^0.0.1"

"@heroicons/react@v1":
  version "1.0.6"
  resolved "https://registry.yarnpkg.com/@heroicons/react/-/react-1.0.6.tgz#35dd26987228b39ef2316db3b1245c42eb19e324"
  integrity sha512-JJCXydOFWMDpCP4q13iEplA503MQO3xLoZiKum+955ZCtHINWnx26CUxVxxFQu/uLb4LW3ge15ZpzIkXKkJ8oQ==

client-only@^0.0.1:
  version "0.0.1"
  resolved "https://registry.yarnpkg.com/client-only/-/client-only-0.0.1.tgz#38bba5d403c41ab150bff64a95c85013cf73bca1"
  integrity sha512-IV3Ou0jSMzZrd3pZ48nLkT9DA7Ag1pnPzaiQhpW7c3RbcqqzvzzVu+L8gfqMp/8IM2MQtSiqaCxrrcfu8I8rMA==

heroicons-react@^1.4.1:
  version "1.4.1"
  resolved "https://registry.yarnpkg.com/heroicons-react/-/heroicons-react-1.4.1.tgz#52f88a7a178b3ebaaa488da87ead631c13d99846"
  integrity sha512-lFB8N44eeju73p5IjaeRrRejXsWWjsmeLK1LQrXGI5UnV9qvkzk2VZoMx5HKLnp1xJI4i9pFh/g2uRc7M1jrjQ==
